
Microsoft Visual Studio Solution File, Format Version 12.00
# Visual Studio 15
VisualStudioVersion = 15.0.28307.1209
MinimumVisualStudioVersion = 10.0.40219.1
Project("{FAE04EC0-301F-11D3-BF4B-00C04F79EFBC}") = "DiffieHellmanTPM_winForm", "DiffieHellmanTPM_winForm\DiffieHellmanTPM_winForm.csproj", "{B3DFE09E-0089-4634-93BF-84CF68B9AC0A}"
EndProject
Project("{FAE04EC0-301F-11D3-BF4B-00C04F79EFBC}") = "DiffieHellmanTPMLibrary", "DiffieHellmanTPMLibrary\DiffieHellmanTPMLibrary.csproj", "{8BBD66E8-5504-4079-8EC0-7F991C22B4B7}"
EndProject
Project("{9A19103F-16F7-4668-BE54-9A1E7A4F7556}") = "WebServer", "WebServer\WebServer.csproj", "{C6216D29-A7B1-4AF0-A1F6-BEB99E7DD783}"
EndProject
Global
	GlobalSection(SolutionConfigurationPlatforms) = preSolution
		Debug|Any CPU = Debug|Any CPU
		Release|Any CPU = Release|Any CPU
	EndGlobalSection
	GlobalSection(ProjectConfigurationPlatforms) = postSolution
		{B3DFE09E-0089-4634-93BF-84CF68B9AC0A}.Debug|Any CPU.ActiveCfg = Debug|Any CPU
		{B3DFE09E-0089-4634-93BF-84CF68B9AC0A}.Debug|Any CPU.Build.0 = Debug|Any CPU
		{B3DFE09E-0089-4634-93BF-84CF68B9AC0A}.Release|Any CPU.ActiveCfg = Release|Any CPU
		{B3DFE09E-0089-4634-93BF-84CF68B9AC0A}.Release|Any CPU.Build.0 = Release|Any CPU
		{8BBD66E8-5504-4079-8EC0-7F991C22B4B7}.Debug|Any CPU.ActiveCfg = Debug|Any CPU
		{8BBD66E8-5504-4079-8EC0-7F991C22B4B7}.Debug|Any CPU.Build.0 = Debug|Any CPU
		{8BBD66E8-5504-4079-8EC0-7F991C22B4B7}.Release|Any CPU.ActiveCfg = Release|Any CPU
		{8BBD66E8-5504-4079-8EC0-7F991C22B4B7}.Release|Any CPU.Build.0 = Release|Any CPU
		{C6216D29-A7B1-4AF0-A1F6-BEB99E7DD783}.Debug|Any CPU.ActiveCfg = Debug|Any CPU
		{C6216D29-A7B1-4AF0-A1F6-BEB99E7DD783}.Debug|Any CPU.Build.0 = Debug|Any CPU
		{C6216D29-A7B1-4AF0-A1F6-BEB99E7DD783}.Release|Any CPU.ActiveCfg = Release|Any CPU
		{C6216D29-A7B1-4AF0-A1F6-BEB99E7DD783}.Release|Any CPU.Build.0 = Release|Any CPU
	EndGlobalSection
	GlobalSection(SolutionProperties) = preSolution
		HideSolutionNode = FALSE
	EndGlobalSection
	GlobalSection(ExtensibilityGlobals) = postSolution
		SolutionGuid = {15EEF093-B22C-4315-A3ED-B2BB1C8D408C}
	EndGlobalSection
EndGlobal
